
Microsoft Visual Studio Solution File, Format Version 12.00
Project("{FAE04EC0-301F-11D3-BF4B-00C04F79EFBC}") = "OpenClosedPrinciple", "OpenClosedPrinciple\OpenClosedPrinciple.csproj", "{8A952261-D5AF-4F48-8976-32432919EC8E}"
EndProject
Project("{FAE04EC0-301F-11D3-BF4B-00C04F79EFBC}") = "Liskov", "Liskov\Liskov.csproj", "{4E6267CA-CE89-4D37-BD06-26F6356BEBEE}"
EndProject
Global
	GlobalSection(SolutionConfigurationPlatforms) = preSolution
		Debug|Any CPU = Debug|Any CPU
		Release|Any CPU = Release|Any CPU
	EndGlobalSection
	GlobalSection(ProjectConfigurationPlatforms) = postSolution
		{8A952261-D5AF-4F48-8976-32432919EC8E}.Debug|Any CPU.ActiveCfg = Debug|Any CPU
		{8A952261-D5AF-4F48-8976-32432919EC8E}.Debug|Any CPU.Build.0 = Debug|Any CPU
		{8A952261-D5AF-4F48-8976-32432919EC8E}.Release|Any CPU.ActiveCfg = Release|Any CPU
		{8A952261-D5AF-4F48-8976-32432919EC8E}.Release|Any CPU.Build.0 = Release|Any CPU
		{4E6267CA-CE89-4D37-BD06-26F6356BEBEE}.Debug|Any CPU.ActiveCfg = Debug|Any CPU
		{4E6267CA-CE89-4D37-BD06-26F6356BEBEE}.Debug|Any CPU.Build.0 = Debug|Any CPU
		{4E6267CA-CE89-4D37-BD06-26F6356BEBEE}.Release|Any CPU.ActiveCfg = Release|Any CPU
		{4E6267CA-CE89-4D37-BD06-26F6356BEBEE}.Release|Any CPU.Build.0 = Release|Any CPU
	EndGlobalSection
EndGlobal
